
Microsoft Visual Studio Solution File, Format Version 12.00
# Visual Studio Version 17
VisualStudioVersion = 17.14.36212.18
MinimumVisualStudioVersion = 10.0.40219.1
Project("{FAE04EC0-301F-11D3-BF4B-00C04F79EFBC}") = "Perpetuals.Fix.Core", "Perpetuals.Fix.Core\Perpetuals.Fix.Core.csproj", "{269ECCAE-6963-4CF7-B2B7-850487BA57B1}"
EndProject
Project("{FAE04EC0-301F-11D3-BF4B-00C04F79EFBC}") = "Perpetuals.Fix.Shared", "perpetuals.fix.shared\Perpetuals.Fix.Shared.csproj", "{89BBF948-8683-4E9E-8C76-8562D2BD7130}"
EndProject
Project("{FAE04EC0-301F-11D3-BF4B-00C04F79EFBC}") = "Perpetuals.Fix.Client", "Perpetuals.Fix.Client\Perpetuals.Fix.Client.csproj", "{33FDFF4F-C4BE-498C-B310-7650D5CD44E7}"
EndProject
Project("{FAE04EC0-301F-11D3-BF4B-00C04F79EFBC}") = "Perpetuals.Fix.Server", "Perpetuals.Fix.Server\Perpetuals.Fix.Server.csproj", "{5D60C04B-6705-4901-8381-425340FC9B33}"
EndProject
Global
	GlobalSection(SolutionConfigurationPlatforms) = preSolution
		Debug|Any CPU = Debug|Any CPU
		Release|Any CPU = Release|Any CPU
	EndGlobalSection
	GlobalSection(ProjectConfigurationPlatforms) = postSolution
		{269ECCAE-6963-4CF7-B2B7-850487BA57B1}.Debug|Any CPU.ActiveCfg = Debug|Any CPU
		{269ECCAE-6963-4CF7-B2B7-850487BA57B1}.Debug|Any CPU.Build.0 = Debug|Any CPU
		{269ECCAE-6963-4CF7-B2B7-850487BA57B1}.Release|Any CPU.ActiveCfg = Release|Any CPU
		{269ECCAE-6963-4CF7-B2B7-850487BA57B1}.Release|Any CPU.Build.0 = Release|Any CPU
		{89BBF948-8683-4E9E-8C76-8562D2BD7130}.Debug|Any CPU.ActiveCfg = Debug|Any CPU
		{89BBF948-8683-4E9E-8C76-8562D2BD7130}.Debug|Any CPU.Build.0 = Debug|Any CPU
		{89BBF948-8683-4E9E-8C76-8562D2BD7130}.Release|Any CPU.ActiveCfg = Release|Any CPU
		{89BBF948-8683-4E9E-8C76-8562D2BD7130}.Release|Any CPU.Build.0 = Release|Any CPU
		{33FDFF4F-C4BE-498C-B310-7650D5CD44E7}.Debug|Any CPU.ActiveCfg = Debug|Any CPU
		{33FDFF4F-C4BE-498C-B310-7650D5CD44E7}.Debug|Any CPU.Build.0 = Debug|Any CPU
		{33FDFF4F-C4BE-498C-B310-7650D5CD44E7}.Release|Any CPU.ActiveCfg = Release|Any CPU
		{33FDFF4F-C4BE-498C-B310-7650D5CD44E7}.Release|Any CPU.Build.0 = Release|Any CPU
		{5D60C04B-6705-4901-8381-425340FC9B33}.Debug|Any CPU.ActiveCfg = Debug|Any CPU
		{5D60C04B-6705-4901-8381-425340FC9B33}.Debug|Any CPU.Build.0 = Debug|Any CPU
		{5D60C04B-6705-4901-8381-425340FC9B33}.Release|Any CPU.ActiveCfg = Release|Any CPU
		{5D60C04B-6705-4901-8381-425340FC9B33}.Release|Any CPU.Build.0 = Release|Any CPU
	EndGlobalSection
	GlobalSection(SolutionProperties) = preSolution
		HideSolutionNode = FALSE
	EndGlobalSection
	GlobalSection(ExtensibilityGlobals) = postSolution
		SolutionGuid = {57C5F87F-5A66-45E3-9B76-B1176CACB580}
	EndGlobalSection
EndGlobal
